
Microsoft Visual Studio Solution File, Format Version 12.00
# Visual Studio Version 17
VisualStudioVersion = 17.9.34723.18
MinimumVisualStudioVersion = 10.0.40219.1
Project("{FAE04EC0-301F-11D3-BF4B-00C04F79EFBC}") = "Bhaskara", "Bhaskara\Bhaskara.csproj", "{EDBBC1CE-D195-4E3E-B493-B75405FBE7C8}"
EndProject
Project("{FAE04EC0-301F-11D3-BF4B-00C04F79EFBC}") = "Testes.Bhaskara", "Testes.Bhaskara\Testes.Bhaskara.csproj", "{6F1B4D50-A4FA-4332-945B-D03F31F25F7C}"
EndProject
Global
	GlobalSection(SolutionConfigurationPlatforms) = preSolution
		Debug|Any CPU = Debug|Any CPU
		Release|Any CPU = Release|Any CPU
	EndGlobalSection
	GlobalSection(ProjectConfigurationPlatforms) = postSolution
		{EDBBC1CE-D195-4E3E-B493-B75405FBE7C8}.Debug|Any CPU.ActiveCfg = Debug|Any CPU
		{EDBBC1CE-D195-4E3E-B493-B75405FBE7C8}.Debug|Any CPU.Build.0 = Debug|Any CPU
		{EDBBC1CE-D195-4E3E-B493-B75405FBE7C8}.Release|Any CPU.ActiveCfg = Release|Any CPU
		{EDBBC1CE-D195-4E3E-B493-B75405FBE7C8}.Release|Any CPU.Build.0 = Release|Any CPU
		{6F1B4D50-A4FA-4332-945B-D03F31F25F7C}.Debug|Any CPU.ActiveCfg = Debug|Any CPU
		{6F1B4D50-A4FA-4332-945B-D03F31F25F7C}.Debug|Any CPU.Build.0 = Debug|Any CPU
		{6F1B4D50-A4FA-4332-945B-D03F31F25F7C}.Release|Any CPU.ActiveCfg = Release|Any CPU
		{6F1B4D50-A4FA-4332-945B-D03F31F25F7C}.Release|Any CPU.Build.0 = Release|Any CPU
	EndGlobalSection
	GlobalSection(SolutionProperties) = preSolution
		HideSolutionNode = FALSE
	EndGlobalSection
	GlobalSection(ExtensibilityGlobals) = postSolution
		SolutionGuid = {CF89CD25-C3F4-43F8-A30C-83F2EC20893D}
	EndGlobalSection
EndGlobal
